
Microsoft Visual Studio Solution File, Format Version 12.00
# Visual Studio Version 17
VisualStudioVersion = 17.1.32228.430
MinimumVisualStudioVersion = 10.0.40219.1
Project("{FAE04EC0-301F-11D3-BF4B-00C04F79EFBC}") = "FileUploadTest", "FileUploadTest\FileUploadTest.csproj", "{DB82A00D-977C-4D0D-8E0B-268D7DDE7A74}"
EndProject
Global
	GlobalSection(SolutionConfigurationPlatforms) = preSolution
		Debug|Any CPU = Debug|Any CPU
		Release|Any CPU = Release|Any CPU
	EndGlobalSection
	GlobalSection(ProjectConfigurationPlatforms) = postSolution
		{DB82A00D-977C-4D0D-8E0B-268D7DDE7A74}.Debug|Any CPU.ActiveCfg = Debug|Any CPU
		{DB82A00D-977C-4D0D-8E0B-268D7DDE7A74}.Debug|Any CPU.Build.0 = Debug|Any CPU
		{DB82A00D-977C-4D0D-8E0B-268D7DDE7A74}.Release|Any CPU.ActiveCfg = Release|Any CPU
		{DB82A00D-977C-4D0D-8E0B-268D7DDE7A74}.Release|Any CPU.Build.0 = Release|Any CPU
	EndGlobalSection
	GlobalSection(SolutionProperties) = preSolution
		HideSolutionNode = FALSE
	EndGlobalSection
	GlobalSection(ExtensibilityGlobals) = postSolution
		SolutionGuid = {ADBCF8F4-5EF3-4E48-BFC1-804BC8360435}
	EndGlobalSection
EndGlobal
